
Microsoft Visual Studio Solution File, Format Version 12.00
# Visual Studio for Mac
Project("{FAE04EC0-301F-11D3-BF4B-00C04F79EFBC}") = "Keenji Sound Power", "Assembly-CSharp.csproj", "{3969AD1D-335C-D024-35DE-5EA9FCAE52CF}"
EndProject
Project("{FAE04EC0-301F-11D3-BF4B-00C04F79EFBC}") = "Keenji Sound Power", "Assembly-CSharp-Editor.csproj", "{231B08C2-4B12-D20B-BBA6-92B4A89F96BC}"
EndProject
Global
	GlobalSection(SolutionConfigurationPlatforms) = preSolution
		Debug|Any CPU = Debug|Any CPU
		Release|Any CPU = Release|Any CPU
	EndGlobalSection
	GlobalSection(ProjectConfigurationPlatforms) = postSolution
		{3969AD1D-335C-D024-35DE-5EA9FCAE52CF}.Debug|Any CPU.ActiveCfg = Debug|Any CPU
		{3969AD1D-335C-D024-35DE-5EA9FCAE52CF}.Debug|Any CPU.Build.0 = Debug|Any CPU
		{3969AD1D-335C-D024-35DE-5EA9FCAE52CF}.Release|Any CPU.ActiveCfg = Release|Any CPU
		{3969AD1D-335C-D024-35DE-5EA9FCAE52CF}.Release|Any CPU.Build.0 = Release|Any CPU
		{231B08C2-4B12-D20B-BBA6-92B4A89F96BC}.Debug|Any CPU.ActiveCfg = Debug|Any CPU
		{231B08C2-4B12-D20B-BBA6-92B4A89F96BC}.Debug|Any CPU.Build.0 = Debug|Any CPU
		{231B08C2-4B12-D20B-BBA6-92B4A89F96BC}.Release|Any CPU.ActiveCfg = Release|Any CPU
		{231B08C2-4B12-D20B-BBA6-92B4A89F96BC}.Release|Any CPU.Build.0 = Release|Any CPU
	EndGlobalSection
	GlobalSection(SolutionProperties) = preSolution
		HideSolutionNode = FALSE
	EndGlobalSection
EndGlobal
